
Microsoft Visual Studio Solution File, Format Version 12.00
# Visual Studio Version 17
VisualStudioVersion = 17.5.33516.290
MinimumVisualStudioVersion = 10.0.40219.1
Project("{FAE04EC0-301F-11D3-BF4B-00C04F79EFBC}") = "Server", "Server.csproj", "{90651B2A-4D6A-473A-ADC9-C1C8F3645EF0}"
EndProject
Global
	GlobalSection(SolutionConfigurationPlatforms) = preSolution
		Debug|Any CPU = Debug|Any CPU
		Release|Any CPU = Release|Any CPU
	EndGlobalSection
	GlobalSection(ProjectConfigurationPlatforms) = postSolution
		{90651B2A-4D6A-473A-ADC9-C1C8F3645EF0}.Debug|Any CPU.ActiveCfg = Debug|Any CPU
		{90651B2A-4D6A-473A-ADC9-C1C8F3645EF0}.Debug|Any CPU.Build.0 = Debug|Any CPU
		{90651B2A-4D6A-473A-ADC9-C1C8F3645EF0}.Release|Any CPU.ActiveCfg = Release|Any CPU
		{90651B2A-4D6A-473A-ADC9-C1C8F3645EF0}.Release|Any CPU.Build.0 = Release|Any CPU
	EndGlobalSection
	GlobalSection(SolutionProperties) = preSolution
		HideSolutionNode = FALSE
	EndGlobalSection
	GlobalSection(ExtensibilityGlobals) = postSolution
		SolutionGuid = {755D61BE-E163-4B02-90D7-BE2E5B5B1C96}
	EndGlobalSection
EndGlobal
